
Microsoft Visual Studio Solution File, Format Version 12.00
# Visual Studio Version 16
VisualStudioVersion = 16.0.29102.190
MinimumVisualStudioVersion = 10.0.40219.1
Project("{FAE04EC0-301F-11D3-BF4B-00C04F79EFBC}") = "FigurasAbstractas", "FigurasAbstractas.csproj", "{64AA25D5-85C7-464D-929F-2FBA775D2C02}"
EndProject
Global
	GlobalSection(SolutionConfigurationPlatforms) = preSolution
		Debug|Any CPU = Debug|Any CPU
		Release|Any CPU = Release|Any CPU
	EndGlobalSection
	GlobalSection(ProjectConfigurationPlatforms) = postSolution
		{64AA25D5-85C7-464D-929F-2FBA775D2C02}.Debug|Any CPU.ActiveCfg = Debug|Any CPU
		{64AA25D5-85C7-464D-929F-2FBA775D2C02}.Debug|Any CPU.Build.0 = Debug|Any CPU
		{64AA25D5-85C7-464D-929F-2FBA775D2C02}.Release|Any CPU.ActiveCfg = Release|Any CPU
		{64AA25D5-85C7-464D-929F-2FBA775D2C02}.Release|Any CPU.Build.0 = Release|Any CPU
	EndGlobalSection
	GlobalSection(SolutionProperties) = preSolution
		HideSolutionNode = FALSE
	EndGlobalSection
	GlobalSection(ExtensibilityGlobals) = postSolution
		SolutionGuid = {6207DA03-59F4-4A9B-BD79-AA44CF5D0E08}
	EndGlobalSection
EndGlobal
